
Microsoft Visual Studio Solution File, Format Version 12.00
# Visual Studio Version 16
VisualStudioVersion = 16.0.31005.135
MinimumVisualStudioVersion = 10.0.40219.1
Project("{FAE04EC0-301F-11D3-BF4B-00C04F79EFBC}") = "01", "01\01.csproj", "{E17826D2-04F3-4DDE-9DC2-30DF0450A07B}"
EndProject
Project("{FAE04EC0-301F-11D3-BF4B-00C04F79EFBC}") = "02 bank acc", "02 bank acc\02 bank acc.csproj", "{EB34CD46-8881-4ABB-BAB7-6D0A1E808C21}"
EndProject
Project("{FAE04EC0-301F-11D3-BF4B-00C04F79EFBC}") = "03 Methods", "03 Methods\03 Methods.csproj", "{8D735344-4530-4381-B778-E33EA455FB98}"
EndProject
Project("{FAE04EC0-301F-11D3-BF4B-00C04F79EFBC}") = "04 Test Client", "04 Test Client\04 Test Client.csproj", "{4725D132-4980-477B-8A19-9440369D1CB3}"
EndProject
Global
	GlobalSection(SolutionConfigurationPlatforms) = preSolution
		Debug|Any CPU = Debug|Any CPU
		Release|Any CPU = Release|Any CPU
	EndGlobalSection
	GlobalSection(ProjectConfigurationPlatforms) = postSolution
		{E17826D2-04F3-4DDE-9DC2-30DF0450A07B}.Debug|Any CPU.ActiveCfg = Debug|Any CPU
		{E17826D2-04F3-4DDE-9DC2-30DF0450A07B}.Debug|Any CPU.Build.0 = Debug|Any CPU
		{E17826D2-04F3-4DDE-9DC2-30DF0450A07B}.Release|Any CPU.ActiveCfg = Release|Any CPU
		{E17826D2-04F3-4DDE-9DC2-30DF0450A07B}.Release|Any CPU.Build.0 = Release|Any CPU
		{EB34CD46-8881-4ABB-BAB7-6D0A1E808C21}.Debug|Any CPU.ActiveCfg = Debug|Any CPU
		{EB34CD46-8881-4ABB-BAB7-6D0A1E808C21}.Debug|Any CPU.Build.0 = Debug|Any CPU
		{EB34CD46-8881-4ABB-BAB7-6D0A1E808C21}.Release|Any CPU.ActiveCfg = Release|Any CPU
		{EB34CD46-8881-4ABB-BAB7-6D0A1E808C21}.Release|Any CPU.Build.0 = Release|Any CPU
		{8D735344-4530-4381-B778-E33EA455FB98}.Debug|Any CPU.ActiveCfg = Debug|Any CPU
		{8D735344-4530-4381-B778-E33EA455FB98}.Debug|Any CPU.Build.0 = Debug|Any CPU
		{8D735344-4530-4381-B778-E33EA455FB98}.Release|Any CPU.ActiveCfg = Release|Any CPU
		{8D735344-4530-4381-B778-E33EA455FB98}.Release|Any CPU.Build.0 = Release|Any CPU
		{4725D132-4980-477B-8A19-9440369D1CB3}.Debug|Any CPU.ActiveCfg = Debug|Any CPU
		{4725D132-4980-477B-8A19-9440369D1CB3}.Debug|Any CPU.Build.0 = Debug|Any CPU
		{4725D132-4980-477B-8A19-9440369D1CB3}.Release|Any CPU.ActiveCfg = Release|Any CPU
		{4725D132-4980-477B-8A19-9440369D1CB3}.Release|Any CPU.Build.0 = Release|Any CPU
	EndGlobalSection
	GlobalSection(SolutionProperties) = preSolution
		HideSolutionNode = FALSE
	EndGlobalSection
	GlobalSection(ExtensibilityGlobals) = postSolution
		SolutionGuid = {170F0A90-8EB4-44F8-BA6C-A8EE5C0B8222}
	EndGlobalSection
EndGlobal
