
Microsoft Visual Studio Solution File, Format Version 12.00
# Visual Studio Version 16
VisualStudioVersion = 16.0.31515.178
MinimumVisualStudioVersion = 10.0.40219.1
Project("{FAE04EC0-301F-11D3-BF4B-00C04F79EFBC}") = "01 IsNumInArray", "01 IsNumInArray\01 IsNumInArray.csproj", "{5B2A150D-C47E-4B6F-8E3B-3B3394DC4863}"
EndProject
Global
	GlobalSection(SolutionConfigurationPlatforms) = preSolution
		Debug|Any CPU = Debug|Any CPU
		Release|Any CPU = Release|Any CPU
	EndGlobalSection
	GlobalSection(ProjectConfigurationPlatforms) = postSolution
		{5B2A150D-C47E-4B6F-8E3B-3B3394DC4863}.Debug|Any CPU.ActiveCfg = Debug|Any CPU
		{5B2A150D-C47E-4B6F-8E3B-3B3394DC4863}.Debug|Any CPU.Build.0 = Debug|Any CPU
		{5B2A150D-C47E-4B6F-8E3B-3B3394DC4863}.Release|Any CPU.ActiveCfg = Release|Any CPU
		{5B2A150D-C47E-4B6F-8E3B-3B3394DC4863}.Release|Any CPU.Build.0 = Release|Any CPU
	EndGlobalSection
	GlobalSection(SolutionProperties) = preSolution
		HideSolutionNode = FALSE
	EndGlobalSection
	GlobalSection(ExtensibilityGlobals) = postSolution
		SolutionGuid = {FEB30739-2980-4F8A-980D-72F4A56B5FA1}
	EndGlobalSection
EndGlobal
